
Microsoft Visual Studio Solution File, Format Version 12.00
# Visual Studio Version 16
VisualStudioVersion = 16.0.33529.622
MinimumVisualStudioVersion = 10.0.40219.1
Project("{FAE04EC0-301F-11D3-BF4B-00C04F79EFBC}") = "TubleTasks", "TubleTasks\TubleTasks.csproj", "{0511D203-93FA-4C2E-9AD0-9ED0A3B1A848}"
EndProject
Global
	GlobalSection(SolutionConfigurationPlatforms) = preSolution
		Debug|Any CPU = Debug|Any CPU
		Release|Any CPU = Release|Any CPU
	EndGlobalSection
	GlobalSection(ProjectConfigurationPlatforms) = postSolution
		{0511D203-93FA-4C2E-9AD0-9ED0A3B1A848}.Debug|Any CPU.ActiveCfg = Debug|Any CPU
		{0511D203-93FA-4C2E-9AD0-9ED0A3B1A848}.Debug|Any CPU.Build.0 = Debug|Any CPU
		{0511D203-93FA-4C2E-9AD0-9ED0A3B1A848}.Release|Any CPU.ActiveCfg = Release|Any CPU
		{0511D203-93FA-4C2E-9AD0-9ED0A3B1A848}.Release|Any CPU.Build.0 = Release|Any CPU
	EndGlobalSection
	GlobalSection(SolutionProperties) = preSolution
		HideSolutionNode = FALSE
	EndGlobalSection
	GlobalSection(ExtensibilityGlobals) = postSolution
		SolutionGuid = {4BEBF7D5-A632-4470-85A1-08F2EC82B7EE}
	EndGlobalSection
EndGlobal
